
Microsoft Visual Studio Solution File, Format Version 12.00
# Visual Studio Version 17
VisualStudioVersion = 17.10.35027.167
MinimumVisualStudioVersion = 10.0.40219.1
Project("{FAE04EC0-301F-11D3-BF4B-00C04F79EFBC}") = "BlogSite", "BlogSite.csproj", "{BC5AE4A3-1967-4396-BC01-8A186D78F59E}"
EndProject
Global
	GlobalSection(SolutionConfigurationPlatforms) = preSolution
		Debug|Any CPU = Debug|Any CPU
		Release|Any CPU = Release|Any CPU
	EndGlobalSection
	GlobalSection(ProjectConfigurationPlatforms) = postSolution
		{BC5AE4A3-1967-4396-BC01-8A186D78F59E}.Debug|Any CPU.ActiveCfg = Debug|Any CPU
		{BC5AE4A3-1967-4396-BC01-8A186D78F59E}.Debug|Any CPU.Build.0 = Debug|Any CPU
		{BC5AE4A3-1967-4396-BC01-8A186D78F59E}.Release|Any CPU.ActiveCfg = Release|Any CPU
		{BC5AE4A3-1967-4396-BC01-8A186D78F59E}.Release|Any CPU.Build.0 = Release|Any CPU
	EndGlobalSection
	GlobalSection(SolutionProperties) = preSolution
		HideSolutionNode = FALSE
	EndGlobalSection
	GlobalSection(ExtensibilityGlobals) = postSolution
		SolutionGuid = {2D5912B2-AE55-4981-A6C3-CBE5063E0B0A}
	EndGlobalSection
EndGlobal
